// !$*UTF8*$!
{
	archiveVersion = 1;
	classes = {
	};
	objectVersion = 46;
	objects = {

/* Begin PBXBuildFile section */
		E1F32FEB1E843A60005D93BA /* AppDelegate.swift in Sources */ = {isa = PBXBuildFile; fileRef = E1F32FEA1E843A60005D93BA /* AppDelegate.swift */; };
		E1F32FED1E843A60005D93BA /* ViewController.swift in Sources */ = {isa = PBXBuildFile; fileRef = E1F32FEC1E843A60005D93BA /* ViewController.swift */; };
		E1F32FF01E843A60005D93BA /* Main.storyboard in Resources */ = {isa = PBXBuildFile; fileRef = E1F32FEE1E843A60005D93BA /* Main.storyboard */; };
		E1F32FF21E843A60005D93BA /* Assets.xcassets in Resources */ = {isa = PBXBuildFile; fileRef = E1F32FF11E843A60005D93BA /* Assets.xcassets */; };
		E1F32FF51E843A60005D93BA /* LaunchScreen.storyboard in Resources */ = {isa = PBXBuildFile; fileRef = E1F32FF31E843A60005D93BA /* LaunchScreen.storyboard */; };
		E1F330001E843A60005D93BA /* ChildrensAppTests.swift in Sources */ = {isa = PBXBuildFile; fileRef = E1F32FFF1E843A60005D93BA /* ChildrensAppTests.swift */; };
		E1F3300B1E843A60005D93BA /* ChildrensAppUITests.swift in Sources */ = {isa = PBXBuildFile; fileRef = E1F3300A1E843A60005D93BA /* ChildrensAppUITests.swift */; };
/* End PBXBuildFile section */

/* Begin PBXContainerItemProxy section */
		E1F32FFC1E843A60005D93BA /* PBXContainerItemProxy */ = {
			isa = PBXContainerItemProxy;
			containerPortal = E1F32FDF1E843A60005D93BA /* Project object */;
			proxyType = 1;
			remoteGlobalIDString = E1F32FE61E843A60005D93BA;
			remoteInfo = ChildrensApp;
		};
		E1F330071E843A60005D93BA /* PBXContainerItemProxy */ = {
			isa = PBXContainerItemProxy;
			containerPortal = E1F32FDF1E843A60005D93BA /* Project object */;
			proxyType = 1;
			remoteGlobalIDString = E1F32FE61E843A60005D93BA;
			remoteInfo = ChildrensApp;
		};
/* End PBXContainerItemProxy section */

/* Begin PBXFileReference section */
		E1F32FE71E843A60005D93BA /* ChildrensApp.app */ = {isa = PBXFileReference; explicitFileType = wrapper.application; includeInIndex = 0; path = ChildrensApp.app; sourceTree = BUILT_PRODUCTS_DIR; };
		E1F32FEA1E843A60005D93BA /* AppDelegate.swift */ = {isa = PBXFileReference; lastKnownFileType = sourcecode.swift; path = AppDelegate.swift; sourceTree = "<group>"; };
		E1F32FEC1E843A60005D93BA /* ViewController.swift */ = {isa = PBXFileReference; lastKnownFileType = sourcecode.swift; path = ViewController.swift; sourceTree = "<group>"; };
		E1F32FEF1E843A60005D93BA /* Base */ = {isa = PBXFileReference; lastKnownFileType = file.storyboard; name = Base; path = Base.lproj/Main.storyboard; sourceTree = "<group>"; };
		E1F32FF11E843A60005D93BA /* Assets.xcassets */ = {isa = PBXFileReference; lastKnownFileType = folder.assetcatalog; path = Assets.xcassets; sourceTree = "<group>"; };
		E1F32FF41E843A60005D93BA /* Base */ = {isa = PBXFileReference; lastKnownFileType = file.storyboard; name = Base; path = Base.lproj/LaunchScreen.storyboard; sourceTree = "<group>"; };
		E1F32FF61E843A60005D93BA /* Info.plist */ = {isa = PBXFileReference; lastKnownFileType = text.plist.xml; path = Info.plist; sourceTree = "<group>"; };
		E1F32FFB1E843A60005D93BA /* ChildrensAppTests.xctest */ = {isa = PBXFileReference; explicitFileType = wrapper.cfbundle; includeInIndex = 0; path = ChildrensAppTests.xctest; sourceTree = BUILT_PRODUCTS_DIR; };
		E1F32FFF1E843A60005D93BA /* ChildrensAppTests.swift */ = {isa = PBXFileReference; lastKnownFileType = sourcecode.swift; path = ChildrensAppTests.swift; sourceTree = "<group>"; };
		E1F330011E843A60005D93BA /* Info.plist */ = {isa = PBXFileReference; lastKnownFileType = text.plist.xml; path = Info.plist; sourceTree = "<group>"; };
		E1F330061E843A60005D93BA /* ChildrensAppUITests.xctest */ = {isa = PBXFileReference; explicitFileType = wrapper.cfbundle; includeInIndex = 0; path = ChildrensAppUITests.xctest; sourceTree = BUILT_PRODUCTS_DIR; };
		E1F3300A1E843A60005D93BA /* ChildrensAppUITests.swift */ = {isa = PBXFileReference; lastKnownFileType = sourcecode.swift; path = ChildrensAppUITests.swift; sourceTree = "<group>"; };
		E1F3300C1E843A60005D93BA /* Info.plist */ = {isa = PBXFileReference; lastKnownFileType = text.plist.xml; path = Info.plist; sourceTree = "<group>"; };
/* End PBXFileReference section */

/* Begin PBXFrameworksBuildPhase section */
		E1F32FE41E843A60005D93BA /* Frameworks */ = {
			isa = PBXFrameworksBuildPhase;
			buildActionMask = 2147483647;
			files = (
			);
			runOnlyForDeploymentPostprocessing = 0;
		};
		E1F32FF81E843A60005D93BA /* Frameworks */ = {
			isa = PBXFrameworksBuildPhase;
			buildActionMask = 2147483647;
			files = (
			);
			runOnlyForDeploymentPostprocessing = 0;
		};
		E1F330031E843A60005D93BA /* Frameworks */ = {
			isa = PBXFrameworksBuildPhase;
			buildActionMask = 2147483647;
			files = (
			);
			runOnlyForDeploymentPostprocessing = 0;
		};
/* End PBXFrameworksBuildPhase section */

/* Begin PBXGroup section */
		E1F32FDE1E843A60005D93BA = {
			isa = PBXGroup;
			children = (
				E1F32FE91E843A60005D93BA /* ChildrensApp */,
				E1F32FFE1E843A60005D93BA /* ChildrensAppTests */,
				E1F330091E843A60005D93BA /* ChildrensAppUITests */,
				E1F32FE81E843A60005D93BA /* Products */,
			);
			sourceTree = "<group>";
		};
		E1F32FE81E843A60005D93BA /* Products */ = {
			isa = PBXGroup;
			children = (
				E1F32FE71E843A60005D93BA /* ChildrensApp.app */,
				E1F32FFB1E843A60005D93BA /* ChildrensAppTests.xctest */,
				E1F330061E843A60005D93BA /* ChildrensAppUITests.xctest */,
			);
			name = Products;
			sourceTree = "<group>";
		};
		E1F32FE91E843A60005D93BA /* ChildrensApp */ = {
			isa = PBXGroup;
			children = (
				E1F3301C1E843AA9005D93BA /* Storyboards */,
				E1F3301B1E843A98005D93BA /* Models */,
				E1F3301A1E843A85005D93BA /* SupportedFiles */,
				E1F330191E843A7B005D93BA /* Modules */,
				E1F330181E843A71005D93BA /* Services */,
			);
			path = ChildrensApp;
			sourceTree = "<group>";
		};
		E1F32FFE1E843A60005D93BA /* ChildrensAppTests */ = {
			isa = PBXGroup;
			children = (
				E1F32FFF1E843A60005D93BA /* ChildrensAppTests.swift */,
				E1F330011E843A60005D93BA /* Info.plist */,
			);
			path = ChildrensAppTests;
			sourceTree = "<group>";
		};
		E1F330091E843A60005D93BA /* ChildrensAppUITests */ = {
			isa = PBXGroup;
			children = (
				E1F3300A1E843A60005D93BA /* ChildrensAppUITests.swift */,
				E1F3300C1E843A60005D93BA /* Info.plist */,
			);
			path = ChildrensAppUITests;
			sourceTree = "<group>";
		};
		E1F330181E843A71005D93BA /* Services */ = {
			isa = PBXGroup;
			children = (
			);
			name = Services;
			sourceTree = "<group>";
		};
		E1F330191E843A7B005D93BA /* Modules */ = {
			isa = PBXGroup;
			children = (
			);
			name = Modules;
			sourceTree = "<group>";
		};
		E1F3301A1E843A85005D93BA /* SupportedFiles */ = {
			isa = PBXGroup;
			children = (
				E1F3301D1E843B01005D93BA /* Images */,
				E1F32FF61E843A60005D93BA /* Info.plist */,
				E1F32FEA1E843A60005D93BA /* AppDelegate.swift */,
			);
			name = SupportedFiles;
			sourceTree = "<group>";
		};
		E1F3301B1E843A98005D93BA /* Models */ = {
			isa = PBXGroup;
			children = (
				E1F32FEC1E843A60005D93BA /* ViewController.swift */,
			);
			name = Models;
			sourceTree = "<group>";
		};
		E1F3301C1E843AA9005D93BA /* Storyboards */ = {
			isa = PBXGroup;
			children = (
				E1F32FEE1E843A60005D93BA /* Main.storyboard */,
				E1F32FF31E843A60005D93BA /* LaunchScreen.storyboard */,
			);
			name = Storyboards;
			sourceTree = "<group>";
		};
		E1F3301D1E843B01005D93BA /* Images */ = {
			isa = PBXGroup;
			children = (
				E1F32FF11E843A60005D93BA /* Assets.xcassets */,
			);
			name = Images;
			sourceTree = "<group>";
		};
/* End PBXGroup section */

/* Begin PBXNativeTarget section */
		E1F32FE61E843A60005D93BA /* ChildrensApp */ = {
			isa = PBXNativeTarget;
			buildConfigurationList = E1F3300F1E843A60005D93BA /* Build configuration list for PBXNativeTarget "ChildrensApp" */;
			buildPhases = (
				E1F32FE31E843A60005D93BA /* Sources */,
				E1F32FE41E843A60005D93BA /* Frameworks */,
				E1F32FE51E843A60005D93BA /* Resources */,
			);
			buildRules = (
			);
			dependencies = (
			);
			name = ChildrensApp;
			productName = ChildrensApp;
			productReference = E1F32FE71E843A60005D93BA /* ChildrensApp.app */;
			productType = "com.apple.product-type.application";
		};
		E1F32FFA1E843A60005D93BA /* ChildrensAppTests */ = {
			isa = PBXNativeTarget;
			buildConfigurationList = E1F330121E843A60005D93BA /* Build configuration list for PBXNativeTarget "ChildrensAppTests" */;
			buildPhases = (
				E1F32FF71E843A60005D93BA /* Sources */,
				E1F32FF81E843A60005D93BA /* Frameworks */,
				E1F32FF91E843A60005D93BA /* Resources */,
			);
			buildRules = (
			);
			dependencies = (
				E1F32FFD1E843A60005D93BA /* PBXTargetDependency */,
			);
			name = ChildrensAppTests;
			productName = ChildrensAppTests;
			productReference = E1F32FFB1E843A60005D93BA /* ChildrensAppTests.xctest */;
			productType = "com.apple.product-type.bundle.unit-test";
		};
		E1F330051E843A60005D93BA /* ChildrensAppUITests */ = {
			isa = PBXNativeTarget;
			buildConfigurationList = E1F330151E843A60005D93BA /* Build configuration list for PBXNativeTarget "ChildrensAppUITests" */;
			buildPhases = (
				E1F330021E843A60005D93BA /* Sources */,
				E1F330031E843A60005D93BA /* Frameworks */,
				E1F330041E843A60005D93BA /* Resources */,
			);
			buildRules = (
			);
			dependencies = (
				E1F330081E843A60005D93BA /* PBXTargetDependency */,
			);
			name = ChildrensAppUITests;
			productName = ChildrensAppUITests;
			productReference = E1F330061E843A60005D93BA /* ChildrensAppUITests.xctest */;
			productType = "com.apple.product-type.bundle.ui-testing";
		};
/* End PBXNativeTarget section */

/* Begin PBXProject section */
		E1F32FDF1E843A60005D93BA /* Project object */ = {
			isa = PBXProject;
			attributes = {
				LastSwiftUpdateCheck = 0820;
				LastUpgradeCheck = 0820;
				ORGANIZATIONNAME = IOSLab;
				TargetAttributes = {
					E1F32FE61E843A60005D93BA = {
						CreatedOnToolsVersion = 8.2.1;
						DevelopmentTeam = 253FZ393HL;
						ProvisioningStyle = Automatic;
					};
					E1F32FFA1E843A60005D93BA = {
						CreatedOnToolsVersion = 8.2.1;
						DevelopmentTeam = 253FZ393HL;
						ProvisioningStyle = Automatic;
						TestTargetID = E1F32FE61E843A60005D93BA;
					};
					E1F330051E843A60005D93BA = {
						CreatedOnToolsVersion = 8.2.1;
						DevelopmentTeam = 253FZ393HL;
						ProvisioningStyle = Automatic;
						TestTargetID = E1F32FE61E843A60005D93BA;
					};
				};
			};
			buildConfigurationList = E1F32FE21E843A60005D93BA /* Build configuration list for PBXProject "ChildrensApp" */;
			compatibilityVersion = "Xcode 3.2";
			developmentRegion = English;
			hasScannedForEncodings = 0;
			knownRegions = (
				en,
				Base,
			);
			mainGroup = E1F32FDE1E843A60005D93BA;
			productRefGroup = E1F32FE81E843A60005D93BA /* Products */;
			projectDirPath = "";
			projectRoot = "";
			targets = (
				E1F32FE61E843A60005D93BA /* ChildrensApp */,
				E1F32FFA1E843A60005D93BA /* ChildrensAppTests */,
				E1F330051E843A60005D93BA /* ChildrensAppUITests */,
			);
		};
/* End PBXProject section */

/* Begin PBXResourcesBuildPhase section */
		E1F32FE51E843A60005D93BA /* Resources */ = {
			isa = PBXResourcesBuildPhase;
			buildActionMask = 2147483647;
			files = (
				E1F32FF51E843A60005D93BA /* LaunchScreen.storyboard in Resources */,
				E1F32FF21E843A60005D93BA /* Assets.xcassets in Resources */,
				E1F32FF01E843A60005D93BA /* Main.storyboard in Resources */,
			);
			runOnlyForDeploymentPostprocessing = 0;
		};
		E1F32FF91E843A60005D93BA /* Resources */ = {
			isa = PBXResourcesBuildPhase;
			buildActionMask = 2147483647;
			files = (
			);
			runOnlyForDeploymentPostprocessing = 0;
		};
		E1F330041E843A60005D93BA /* Resources */ = {
			isa = PBXResourcesBuildPhase;
			buildActionMask = 2147483647;
			files = (
			);
			runOnlyForDeploymentPostprocessing = 0;
		};
/* End PBXResourcesBuildPhase section */

/* Begin PBXSourcesBuildPhase section */
		E1F32FE31E843A60005D93BA /* Sources */ = {
			isa = PBXSourcesBuildPhase;
			buildActionMask = 2147483647;
			files = (
				E1F32FED1E843A60005D93BA /* ViewController.swift in Sources */,
				E1F32FEB1E843A60005D93BA /* AppDelegate.swift in Sources */,
			);
			runOnlyForDeploymentPostprocessing = 0;
		};
		E1F32FF71E843A60005D93BA /* Sources */ = {
			isa = PBXSourcesBuildPhase;
			buildActionMask = 2147483647;
			files = (
				E1F330001E843A60005D93BA /* ChildrensAppTests.swift in Sources */,
			);
			runOnlyForDeploymentPostprocessing = 0;
		};
		E1F330021E843A60005D93BA /* Sources */ = {
			isa = PBXSourcesBuildPhase;
			buildActionMask = 2147483647;
			files = (
				E1F3300B1E843A60005D93BA /* ChildrensAppUITests.swift in Sources */,
			);
			runOnlyForDeploymentPostprocessing = 0;
		};
/* End PBXSourcesBuildPhase section */

/* Begin PBXTargetDependency section */
		E1F32FFD1E843A60005D93BA /* PBXTargetDependency */ = {
			isa = PBXTargetDependency;
			target = E1F32FE61E843A60005D93BA /* ChildrensApp */;
			targetProxy = E1F32FFC1E843A60005D93BA /* PBXContainerItemProxy */;
		};
		E1F330081E843A60005D93BA /* PBXTargetDependency */ = {
			isa = PBXTargetDependency;
			target = E1F32FE61E843A60005D93BA /* ChildrensApp */;
			targetProxy = E1F330071E843A60005D93BA /* PBXContainerItemProxy */;
		};
/* End PBXTargetDependency section */

/* Begin PBXVariantGroup section */
		E1F32FEE1E843A60005D93BA /* Main.storyboard */ = {
			isa = PBXVariantGroup;
			children = (
				E1F32FEF1E843A60005D93BA /* Base */,
			);
			name = Main.storyboard;
			sourceTree = "<group>";
		};
		E1F32FF31E843A60005D93BA /* LaunchScreen.storyboard */ = {
			isa = PBXVariantGroup;
			children = (
				E1F32FF41E843A60005D93BA /* Base */,
			);
			name = LaunchScreen.storyboard;
			sourceTree = "<group>";
		};
/* End PBXVariantGroup section */

/* Begin XCBuildConfiguration section */
		E1F3300D1E843A60005D93BA /* Debug */ = {
			isa = XCBuildConfiguration;
			buildSettings = {
				ALWAYS_SEARCH_USER_PATHS = NO;
				CLANG_ANALYZER_NONNULL = YES;
				CLANG_CXX_LANGUAGE_STANDARD = "gnu++0x";
				CLANG_CXX_LIBRARY = "libc++";
				CLANG_ENABLE_MODULES = YES;
				CLANG_ENABLE_OBJC_ARC = YES;
				CLANG_WARN_BOOL_CONVERSION = YES;
				CLANG_WARN_CONSTANT_CONVERSION = YES;
				CLANG_WARN_DIRECT_OBJC_ISA_USAGE = YES_ERROR;
				CLANG_WARN_DOCUMENTATION_COMMENTS = YES;
				CLANG_WARN_EMPTY_BODY = YES;
				CLANG_WARN_ENUM_CONVERSION = YES;
				CLANG_WARN_INFINITE_RECURSION = YES;
				CLANG_WARN_INT_CONVERSION = YES;
				CLANG_WARN_OBJC_ROOT_CLASS = YES_ERROR;
				CLANG_WARN_SUSPICIOUS_MOVE = YES;
				CLANG_WARN_UNREACHABLE_CODE = YES;
				CLANG_WARN__DUPLICATE_METHOD_MATCH = YES;
				"CODE_SIGN_IDENTITY[sdk=iphoneos*]" = "iPhone Developer";
				COPY_PHASE_STRIP = NO;
				DEBUG_INFORMATION_FORMAT = dwarf;
				ENABLE_STRICT_OBJC_MSGSEND = YES;
				ENABLE_TESTABILITY = YES;
				GCC_C_LANGUAGE_STANDARD = gnu99;
				GCC_DYNAMIC_NO_PIC = NO;
				GCC_NO_COMMON_BLOCKS = YES;
				GCC_OPTIMIZATION_LEVEL = 0;
				GCC_PREPROCESSOR_DEFINITIONS = (
					"DEBUG=1",
					"$(inherited)",
				);
				GCC_WARN_64_TO_32_BIT_CONVERSION = YES;
				GCC_WARN_ABOUT_RETURN_TYPE = YES_ERROR;
				GCC_WARN_UNDECLARED_SELECTOR = YES;
				GCC_WARN_UNINITIALIZED_AUTOS = YES_AGGRESSIVE;
				GCC_WARN_UNUSED_FUNCTION = YES;
				GCC_WARN_UNUSED_VARIABLE = YES;
				IPHONEOS_DEPLOYMENT_TARGET = 10.2;
				MTL_ENABLE_DEBUG_INFO = YES;
				ONLY_ACTIVE_ARCH = YES;
				SDKROOT = iphoneos;
				SWIFT_ACTIVE_COMPILATION_CONDITIONS = DEBUG;
				SWIFT_OPTIMIZATION_LEVEL = "-Onone";
				TARGETED_DEVICE_FAMILY = "1,2";
			};
			name = Debug;
		};
		E1F3300E1E843A60005D93BA /* Release */ = {
			isa = XCBuildConfiguration;
			buildSettings = {
				ALWAYS_SEARCH_USER_PATHS = NO;
				CLANG_ANALYZER_NONNULL = YES;
				CLANG_CXX_LANGUAGE_STANDARD = "gnu++0x";
				CLANG_CXX_LIBRARY = "libc++";
				CLANG_ENABLE_MODULES = YES;
				CLANG_ENABLE_OBJC_ARC = YES;
				CLANG_WARN_BOOL_CONVERSION = YES;
				CLANG_WARN_CONSTANT_CONVERSION = YES;
				CLANG_WARN_DIRECT_OBJC_ISA_USAGE = YES_ERROR;
				CLANG_WARN_DOCUMENTATION_COMMENTS = YES;
				CLANG_WARN_EMPTY_BODY = YES;
				CLANG_WARN_ENUM_CONVERSION = YES;
				CLANG_WARN_INFINITE_RECURSION = YES;
				CLANG_WARN_INT_CONVERSION = YES;
				CLANG_WARN_OBJC_ROOT_CLASS = YES_ERROR;
				CLANG_WARN_SUSPICIOUS_MOVE = YES;
				CLANG_WARN_UNREACHABLE_CODE = YES;
				CLANG_WARN__DUPLICATE_METHOD_MATCH = YES;
				"CODE_SIGN_IDENTITY[sdk=iphoneos*]" = "iPhone Developer";
				COPY_PHASE_STRIP = NO;
				DEBUG_INFORMATION_FORMAT = "dwarf-with-dsym";
				ENABLE_NS_ASSERTIONS = NO;
				ENABLE_STRICT_OBJC_MSGSEND = YES;
				GCC_C_LANGUAGE_STANDARD = gnu99;
				GCC_NO_COMMON_BLOCKS = YES;
				GCC_WARN_64_TO_32_BIT_CONVERSION = YES;
				GCC_WARN_ABOUT_RETURN_TYPE = YES_ERROR;
				GCC_WARN_UNDECLARED_SELECTOR = YES;
				GCC_WARN_UNINITIALIZED_AUTOS = YES_AGGRESSIVE;
				GCC_WARN_UNUSED_FUNCTION = YES;
				GCC_WARN_UNUSED_VARIABLE = YES;
				IPHONEOS_DEPLOYMENT_TARGET = 10.2;
				MTL_ENABLE_DEBUG_INFO = NO;
				SDKROOT = iphoneos;
				SWIFT_OPTIMIZATION_LEVEL = "-Owholemodule";
				TARGETED_DEVICE_FAMILY = "1,2";
				VALIDATE_PRODUCT = YES;
			};
			name = Release;
		};
		E1F330101E843A60005D93BA /* Debug */ = {
			isa = XCBuildConfiguration;
			buildSettings = {
				ASSETCATALOG_COMPILER_APPICON_NAME = AppIcon;
				DEVELOPMENT_TEAM = 253FZ393HL;
				INFOPLIST_FILE = ChildrensApp/Info.plist;
				LD_RUNPATH_SEARCH_PATHS = "$(inherited) @executable_path/Frameworks";
				PRODUCT_BUNDLE_IDENTIFIER = ru.itis.ioslab.ChildrensApp;
				PRODUCT_NAME = "$(TARGET_NAME)";
				SWIFT_VERSION = 3.0;
			};
			name = Debug;
		};
		E1F330111E843A60005D93BA /* Release */ = {
			isa = XCBuildConfiguration;
			buildSettings = {
				ASSETCATALOG_COMPILER_APPICON_NAME = AppIcon;
				DEVELOPMENT_TEAM = 253FZ393HL;
				INFOPLIST_FILE = ChildrensApp/Info.plist;
				LD_RUNPATH_SEARCH_PATHS = "$(inherited) @executable_path/Frameworks";
				PRODUCT_BUNDLE_IDENTIFIER = ru.itis.ioslab.ChildrensApp;
				PRODUCT_NAME = "$(TARGET_NAME)";
				SWIFT_VERSION = 3.0;
			};
			name = Release;
		};
		E1F330131E843A60005D93BA /* Debug */ = {
			isa = XCBuildConfiguration;
			buildSettings = {
				ALWAYS_EMBED_SWIFT_STANDARD_LIBRARIES = YES;
				BUNDLE_LOADER = "$(TEST_HOST)";
				DEVELOPMENT_TEAM = 253FZ393HL;
				INFOPLIST_FILE = ChildrensAppTests/Info.plist;
				LD_RUNPATH_SEARCH_PATHS = "$(inherited) @executable_path/Frameworks @loader_path/Frameworks";
				PRODUCT_BUNDLE_IDENTIFIER = ru.itis.ioslab.ChildrensAppTests;
				PRODUCT_NAME = "$(TARGET_NAME)";
				SWIFT_VERSION = 3.0;
				TEST_HOST = "$(BUILT_PRODUCTS_DIR)/ChildrensApp.app/ChildrensApp";
			};
			name = Debug;
		};
		E1F330141E843A60005D93BA /* Release */ = {
			isa = XCBuildConfiguration;
			buildSettings = {
				ALWAYS_EMBED_SWIFT_STANDARD_LIBRARIES = YES;
				BUNDLE_LOADER = "$(TEST_HOST)";
				DEVELOPMENT_TEAM = 253FZ393HL;
				INFOPLIST_FILE = ChildrensAppTests/Info.plist;
				LD_RUNPATH_SEARCH_PATHS = "$(inherited) @executable_path/Frameworks @loader_path/Frameworks";
				PRODUCT_BUNDLE_IDENTIFIER = ru.itis.ioslab.ChildrensAppTests;
				PRODUCT_NAME = "$(TARGET_NAME)";
				SWIFT_VERSION = 3.0;
				TEST_HOST = "$(BUILT_PRODUCTS_DIR)/ChildrensApp.app/ChildrensApp";
			};
			name = Release;
		};
		E1F330161E843A60005D93BA /* Debug */ = {
			isa = XCBuildConfiguration;
			buildSettings = {
				ALWAYS_EMBED_SWIFT_STANDARD_LIBRARIES = YES;
				DEVELOPMENT_TEAM = 253FZ393HL;
				INFOPLIST_FILE = ChildrensAppUITests/Info.plist;
				LD_RUNPATH_SEARCH_PATHS = "$(inherited) @executable_path/Frameworks @loader_path/Frameworks";
				PRODUCT_BUNDLE_IDENTIFIER = ru.itis.ioslab.ChildrensAppUITests;
				PRODUCT_NAME = "$(TARGET_NAME)";
				SWIFT_VERSION = 3.0;
				TEST_TARGET_NAME = ChildrensApp;
			};
			name = Debug;
		};
		E1F330171E843A60005D93BA /* Release */ = {
			isa = XCBuildConfiguration;
			buildSettings = {
				ALWAYS_EMBED_SWIFT_STANDARD_LIBRARIES = YES;
				DEVELOPMENT_TEAM = 253FZ393HL;
				INFOPLIST_FILE = ChildrensAppUITests/Info.plist;
				LD_RUNPATH_SEARCH_PATHS = "$(inherited) @executable_path/Frameworks @loader_path/Frameworks";
				PRODUCT_BUNDLE_IDENTIFIER = ru.itis.ioslab.ChildrensAppUITests;
				PRODUCT_NAME = "$(TARGET_NAME)";
				SWIFT_VERSION = 3.0;
				TEST_TARGET_NAME = ChildrensApp;
			};
			name = Release;
		};
/* End XCBuildConfiguration section */

/* Begin XCConfigurationList section */
		E1F32FE21E843A60005D93BA /* Build configuration list for PBXProject "ChildrensApp" */ = {
			isa = XCConfigurationList;
			buildConfigurations = (
				E1F3300D1E843A60005D93BA /* Debug */,
				E1F3300E1E843A60005D93BA /* Release */,
			);
			defaultConfigurationIsVisible = 0;
			defaultConfigurationName = Release;
		};
		E1F3300F1E843A60005D93BA /* Build configuration list for PBXNativeTarget "ChildrensApp" */ = {
			isa = XCConfigurationList;
			buildConfigurations = (
				E1F330101E843A60005D93BA /* Debug */,
				E1F330111E843A60005D93BA /* Release */,
			);
			defaultConfigurationIsVisible = 0;
		};
		E1F330121E843A60005D93BA /* Build configuration list for PBXNativeTarget "ChildrensAppTests" */ = {
			isa = XCConfigurationList;
			buildConfigurations = (
				E1F330131E843A60005D93BA /* Debug */,
				E1F330141E843A60005D93BA /* Release */,
			);
			defaultConfigurationIsVisible = 0;
		};
		E1F330151E843A60005D93BA /* Build configuration list for PBXNativeTarget "ChildrensAppUITests" */ = {
			isa = XCConfigurationList;
			buildConfigurations = (
				E1F330161E843A60005D93BA /* Debug */,
				E1F330171E843A60005D93BA /* Release */,
			);
			defaultConfigurationIsVisible = 0;
		};
/* End XCConfigurationList section */
	};
	rootObject = E1F32FDF1E843A60005D93BA /* Project object */;
}
